PODS:
  - onnxruntime-training-c (1.16.0)
  - onnxruntime-training-objc (1.16.0):
    - onnxruntime-training-objc/Core (= 1.16.0)
  - onnxruntime-training-objc/Core (1.16.0):
    - onnxruntime-training-c (= 1.16.0)

DEPENDENCIES:
  - onnxruntime-training-objc (~> 1.16.0)

SPEC REPOS:
  trunk:
    - onnxruntime-training-c
    - onnxruntime-training-objc

SPEC CHECKSUMS:
  onnxruntime-training-c: 71b2f44d53d6222563e8ce5e0c20402b320b415f
  onnxruntime-training-objc: 9dde11df7b0a6aaac666faa8a4a2f20dc8838a2f

PODFILE CHECKSUM: 7e1e7737bb6bc6072565f77161e1d46e833794f3

COCOAPODS: 1.12.1
